// !$*UTF8*$!
{
	archiveVersion = 1;
	classes = {
	};
	objectVersion = 55;
	objects = {

/* Begin PBXBuildFile section */
		4A060C01291398A600D75699 /* ProfileHalfModalViewController.swift in Sources */ = {isa = PBXBuildFile; fileRef = 4A060C00291398A600D75699 /* ProfileHalfModalViewController.swift */; };
		4A060C062913AA4300D75699 /* InterestView.swift in Sources */ = {isa = PBXBuildFile; fileRef = 4A060C052913AA4300D75699 /* InterestView.swift */; };
		4A060C082913AA5E00D75699 /* InterestCollectionViewCell.swift in Sources */ = {isa = PBXBuildFile; fileRef = 4A060C072913AA5E00D75699 /* InterestCollectionViewCell.swift */; };
		4A060C0A2913D77200D75699 /* TestViewController.swift in Sources */ = {isa = PBXBuildFile; fileRef = 4A060C092913D77200D75699 /* TestViewController.swift */; };
		4A31CD242903D73D00E5E422 /* FirstCreateGroupViewController.swift in Sources */ = {isa = PBXBuildFile; fileRef = 4A31CD232903D73D00E5E422 /* FirstCreateGroupViewController.swift */; };
		4A31CD272903D86200E5E422 /* GroupCategoryView.swift in Sources */ = {isa = PBXBuildFile; fileRef = 4A31CD262903D86200E5E422 /* GroupCategoryView.swift */; };
		4A31CD2A2903D89600E5E422 /* GroupCategoryCollectionViewCell.swift in Sources */ = {isa = PBXBuildFile; fileRef = 4A31CD292903D89600E5E422 /* GroupCategoryCollectionViewCell.swift */; };
		4A50D5A52908E03600D1ADE4 /* EmptyResultView.swift in Sources */ = {isa = PBXBuildFile; fileRef = 4A50D5A42908E03600D1ADE4 /* EmptyResultView.swift */; };
		4A705EF42921CA75002CE1B1 /* MockData.swift in Sources */ = {isa = PBXBuildFile; fileRef = 4A705EF32921CA74002CE1B1 /* MockData.swift */; };
		4A759EEE291D18EF00E7DF9B /* SecondCreateGroupViewController.swift in Sources */ = {isa = PBXBuildFile; fileRef = A215B29829069D9600DD60B2 /* SecondCreateGroupViewController.swift */; };
		4AB5C27429078A910064C41E /* Alamofire in Frameworks */ = {isa = PBXBuildFile; productRef = 4AB5C27329078A910064C41E /* Alamofire */; };
		4AB5C27729078AE90064C41E /* Address.swift in Sources */ = {isa = PBXBuildFile; fileRef = 4AB5C27629078AE90064C41E /* Address.swift */; };
		4AB5C27A29078DB20064C41E /* SwiftyJSON in Frameworks */ = {isa = PBXBuildFile; productRef = 4AB5C27929078DB20064C41E /* SwiftyJSON */; };
		4AB5C27C2907A9CE0064C41E /* Place.swift in Sources */ = {isa = PBXBuildFile; fileRef = 4AB5C27B2907A9CE0064C41E /* Place.swift */; };
		4AC8F0632906BD18007D3946 /* LocationSearchingViewController.swift in Sources */ = {isa = PBXBuildFile; fileRef = 4AC8F0622906BD18007D3946 /* LocationSearchingViewController.swift */; };
		4AC8F0652906C5E0007D3946 /* SearchedAddressTableViewCell.swift in Sources */ = {isa = PBXBuildFile; fileRef = 4AC8F0642906C5E0007D3946 /* SearchedAddressTableViewCell.swift */; };
		4ACF36D62910A87700B95115 /* UINavigationController+Back.swift in Sources */ = {isa = PBXBuildFile; fileRef = 4ACF36D52910A87700B95115 /* UINavigationController+Back.swift */; };
		4ADC12DD2901800D00C0FFB6 /* UIColor+Extension.swift in Sources */ = {isa = PBXBuildFile; fileRef = 4ADC12DC2901800D00C0FFB6 /* UIColor+Extension.swift */; };
		4ADC12E12901813900C0FFB6 /* NSObject+Extension.swift in Sources */ = {isa = PBXBuildFile; fileRef = 4ADC12E02901813900C0FFB6 /* NSObject+Extension.swift */; };
		4ADC12E32901815C00C0FFB6 /* UIViewController+Extension.swift in Sources */ = {isa = PBXBuildFile; fileRef = 4ADC12E22901815C00C0FFB6 /* UIViewController+Extension.swift */; };
		4ADC12E52901817800C0FFB6 /* UILabel+Extension.swift in Sources */ = {isa = PBXBuildFile; fileRef = 4ADC12E42901817800C0FFB6 /* UILabel+Extension.swift */; };
		4ADC12E72901818900C0FFB6 /* UIStackView+Extention.swift in Sources */ = {isa = PBXBuildFile; fileRef = 4ADC12E62901818900C0FFB6 /* UIStackView+Extention.swift */; };
		4ADC12E92901819800C0FFB6 /* UIScreen+Extension.swift in Sources */ = {isa = PBXBuildFile; fileRef = 4ADC12E82901819800C0FFB6 /* UIScreen+Extension.swift */; };
		4ADC12EB2901833F00C0FFB6 /* StringLiteral.swift in Sources */ = {isa = PBXBuildFile; fileRef = 4ADC12EA2901833F00C0FFB6 /* StringLiteral.swift */; };
		4ADC12ED2901838200C0FFB6 /* ImageLiteral.swift in Sources */ = {isa = PBXBuildFile; fileRef = 4ADC12EC2901838200C0FFB6 /* ImageLiteral.swift */; };
		4ADC12EF290183F500C0FFB6 /* BaseViewController.swift in Sources */ = {isa = PBXBuildFile; fileRef = 4ADC12EE290183F500C0FFB6 /* BaseViewController.swift */; };
		4ADC12F12901856B00C0FFB6 /* UIView+Constraint.swift in Sources */ = {isa = PBXBuildFile; fileRef = 4ADC12F02901856B00C0FFB6 /* UIView+Constraint.swift */; };
		4ADC12F32901857F00C0FFB6 /* UIViewController+Alert.swift in Sources */ = {isa = PBXBuildFile; fileRef = 4ADC12F22901857F00C0FFB6 /* UIViewController+Alert.swift */; };
		4AF67E932912050B00D4A2C4 /* ChatRoomListViewController.swift in Sources */ = {isa = PBXBuildFile; fileRef = 4AF67E922912050B00D4A2C4 /* ChatRoomListViewController.swift */; };
		4AF67E95291206C000D4A2C4 /* ChatRoomTableViewCell.swift in Sources */ = {isa = PBXBuildFile; fileRef = 4AF67E94291206C000D4A2C4 /* ChatRoomTableViewCell.swift */; };
		4AFA58AA2903EA6400679142 /* UIView+Extension.swift in Sources */ = {isa = PBXBuildFile; fileRef = 4AFA58A92903EA6400679142 /* UIView+Extension.swift */; };
		4AFA58AD29050B3800679142 /* Date+Extension.swift in Sources */ = {isa = PBXBuildFile; fileRef = 4AFA58AC29050B3800679142 /* Date+Extension.swift */; };
		4AFA58AF29050B5C00679142 /* String+Extension.swift in Sources */ = {isa = PBXBuildFile; fileRef = 4AFA58AE29050B5C00679142 /* String+Extension.swift */; };
		4AFA58B2290526C300679142 /* NumberOfGroupPeopleView.swift in Sources */ = {isa = PBXBuildFile; fileRef = 4AFA58B1290526C300679142 /* NumberOfGroupPeopleView.swift */; };
		4AFA58B52905280F00679142 /* NumberOfPeopleCollectionViewCell.swift in Sources */ = {isa = PBXBuildFile; fileRef = 4AFA58B42905280F00679142 /* NumberOfPeopleCollectionViewCell.swift */; };
		4AFF0F502919F7C300F7496C /* MyPageViewController.swift in Sources */ = {isa = PBXBuildFile; fileRef = 4AFF0F4F2919F7C300F7496C /* MyPageViewController.swift */; };
		4AFF0F532919F8C400F7496C /* MyPageTableViewCell.swift in Sources */ = {isa = PBXBuildFile; fileRef = 4AFF0F522919F8C400F7496C /* MyPageTableViewCell.swift */; };
		4AFF0F552919F8E100F7496C /* MyPageProfileTableViewCell.swift in Sources */ = {isa = PBXBuildFile; fileRef = 4AFF0F542919F8E100F7496C /* MyPageProfileTableViewCell.swift */; };
		4AFF0F57291AA5CE00F7496C /* MyPageSettingElement.swift in Sources */ = {isa = PBXBuildFile; fileRef = 4AFF0F56291AA5CE00F7496C /* MyPageSettingElement.swift */; };
		4AFF0F59291AAF0900F7496C /* ProfileView.swift in Sources */ = {isa = PBXBuildFile; fileRef = 4AFF0F58291AAF0900F7496C /* ProfileView.swift */; };
		4AFF0F5B291AB2F600F7496C /* MyProfileEditViewController.swift in Sources */ = {isa = PBXBuildFile; fileRef = 4AFF0F5A291AB2F600F7496C /* MyProfileEditViewController.swift */; };
		7628CC792913DEAE00CDA679 /* AuthManager.swift in Sources */ = {isa = PBXBuildFile; fileRef = 7628CC782913DEAE00CDA679 /* AuthManager.swift */; };
		7645E74A290700E5009E2E3B /* SignInViewController.swift in Sources */ = {isa = PBXBuildFile; fileRef = 7645E749290700E5009E2E3B /* SignInViewController.swift */; };
		7645E7512907031D009E2E3B /* SignInViewModel.swift in Sources */ = {isa = PBXBuildFile; fileRef = 7645E7502907031D009E2E3B /* SignInViewModel.swift */; };
		7645E75729070FC6009E2E3B /* FirebaseManager.swift in Sources */ = {isa = PBXBuildFile; fileRef = 7645E75629070FC6009E2E3B /* FirebaseManager.swift */; };
		76491C7C291AC51C00FF828A /* ErrorLiteral.swift in Sources */ = {isa = PBXBuildFile; fileRef = 76491C7B291AC51C00FF828A /* ErrorLiteral.swift */; };
		76548E2E291AB11700418994 /* RecentChat.swift in Sources */ = {isa = PBXBuildFile; fileRef = 76548E2D291AB11700418994 /* RecentChat.swift */; };
		765C9E8029230BB00090B14A /* OtherChatContentCollectionViewCell.swift in Sources */ = {isa = PBXBuildFile; fileRef = 765C9E7A29230BB00090B14A /* OtherChatContentCollectionViewCell.swift */; };
		765C9E8129230BB00090B14A /* MyChatContentCollectionViewCell.swift in Sources */ = {isa = PBXBuildFile; fileRef = 765C9E7B29230BB00090B14A /* MyChatContentCollectionViewCell.swift */; };
		765C9E8229230BB00090B14A /* ChatRoomViewController.swift in Sources */ = {isa = PBXBuildFile; fileRef = 765C9E7D29230BB00090B14A /* ChatRoomViewController.swift */; };
		765C9E8729231A730090B14A /* ChatRoomViewModel.swift in Sources */ = {isa = PBXBuildFile; fileRef = 765C9E8629231A720090B14A /* ChatRoomViewModel.swift */; };
		76B027F12901726E002C9DF7 /* VegetingTests.swift in Sources */ = {isa = PBXBuildFile; fileRef = 76B027F02901726E002C9DF7 /* VegetingTests.swift */; };
		76B0282629051FC9002C9DF7 /* VFUser.swift in Sources */ = {isa = PBXBuildFile; fileRef = 76B0282529051FC9002C9DF7 /* VFUser.swift */; };
		76B0282D29052209002C9DF7 /* FirebaseAuth in Frameworks */ = {isa = PBXBuildFile; productRef = 76B0282C29052209002C9DF7 /* FirebaseAuth */; };
		76B0282F29052209002C9DF7 /* FirebaseAuthCombine-Community in Frameworks */ = {isa = PBXBuildFile; productRef = 76B0282E29052209002C9DF7 /* FirebaseAuthCombine-Community */; };
		76B0283129052209002C9DF7 /* FirebaseFirestore in Frameworks */ = {isa = PBXBuildFile; productRef = 76B0283029052209002C9DF7 /* FirebaseFirestore */; };
		76B0283329052209002C9DF7 /* FirebaseFirestoreCombine-Community in Frameworks */ = {isa = PBXBuildFile; productRef = 76B0283229052209002C9DF7 /* FirebaseFirestoreCombine-Community */; };
		76B0283529052209002C9DF7 /* FirebaseFirestoreSwift in Frameworks */ = {isa = PBXBuildFile; productRef = 76B0283429052209002C9DF7 /* FirebaseFirestoreSwift */; };
		76B02839290526AF002C9DF7 /* Club.swift in Sources */ = {isa = PBXBuildFile; fileRef = 76B02838290526AF002C9DF7 /* Club.swift */; };
		76B0283B290528F8002C9DF7 /* Chat.swift in Sources */ = {isa = PBXBuildFile; fileRef = 76B0283A290528F8002C9DF7 /* Chat.swift */; };
		76B0283D29052937002C9DF7 /* Participant.swift in Sources */ = {isa = PBXBuildFile; fileRef = 76B0283C29052937002C9DF7 /* Participant.swift */; };
		76E9EC3E2919C9FC00193B1C /* GoogleService-Info.plist in Resources */ = {isa = PBXBuildFile; fileRef = 76E9EC3D2919C9FC00193B1C /* GoogleService-Info.plist */; };
		76FF7CF62917BDF70020BB2C /* KakaoSDKAuth in Frameworks */ = {isa = PBXBuildFile; productRef = 76FF7CF52917BDF70020BB2C /* KakaoSDKAuth */; };
		76FF7CF82917BDF70020BB2C /* KakaoSDKCommon in Frameworks */ = {isa = PBXBuildFile; productRef = 76FF7CF72917BDF70020BB2C /* KakaoSDKCommon */; };
		76FF7CFA2917BDF70020BB2C /* KakaoSDKUser in Frameworks */ = {isa = PBXBuildFile; productRef = 76FF7CF92917BDF70020BB2C /* KakaoSDKUser */; };
		A2007F49291444730003DABB /* SegmentedControlCustomView.swift in Sources */ = {isa = PBXBuildFile; fileRef = A2007F48291444730003DABB /* SegmentedControlCustomView.swift */; };
		A2007F4C2914BF5D0003DABB /* CategoryView.swift in Sources */ = {isa = PBXBuildFile; fileRef = A2007F4B2914BF5D0003DABB /* CategoryView.swift */; };
		A215B29929069D9600DD60B2 /* SecondCreateGroupViewController.swift in Sources */ = {isa = PBXBuildFile; fileRef = A215B29829069D9600DD60B2 /* SecondCreateGroupViewController.swift */; };
		A215B29C2906DB6400DD60B2 /* PhotoPickerView.swift in Sources */ = {isa = PBXBuildFile; fileRef = A215B29B2906DB6400DD60B2 /* PhotoPickerView.swift */; };
		A215B29E2906FA3E00DD60B2 /* UITextField+Extension.swift in Sources */ = {isa = PBXBuildFile; fileRef = A215B29D2906FA3E00DD60B2 /* UITextField+Extension.swift */; };
		A26198762909539B00ECCC4F /* ClubListCollectionViewCell.swift in Sources */ = {isa = PBXBuildFile; fileRef = A26198752909539B00ECCC4F /* ClubListCollectionViewCell.swift */; };
		A26198782909567100ECCC4F /* LabelWithImageStackView.swift in Sources */ = {isa = PBXBuildFile; fileRef = A26198772909567100ECCC4F /* LabelWithImageStackView.swift */; };
		A261987D290A350300ECCC4F /* BottomButton.swift in Sources */ = {isa = PBXBuildFile; fileRef = A261987C290A350300ECCC4F /* BottomButton.swift */; };
		A2F369D12908258B007F3732 /* GroupInfoView.swift in Sources */ = {isa = PBXBuildFile; fileRef = A2F369D02908258B007F3732 /* GroupInfoView.swift */; };
		A2F369D929090E72007F3732 /* UIButton+Extension.swift in Sources */ = {isa = PBXBuildFile; fileRef = A2F369D829090E72007F3732 /* UIButton+Extension.swift */; };
		A2F369DD290948BB007F3732 /* GroupListViewController.swift in Sources */ = {isa = PBXBuildFile; fileRef = A2F369DC290948BB007F3732 /* GroupListViewController.swift */; };
		A7164B3129123E7100FFB668 /* UserProfileViewController.swift in Sources */ = {isa = PBXBuildFile; fileRef = A7164B3029123E7100FFB668 /* UserProfileViewController.swift */; };
		A71C543D291A655200FBD231 /* LocationAuthViewController.swift in Sources */ = {isa = PBXBuildFile; fileRef = A71C543C291A655200FBD231 /* LocationAuthViewController.swift */; };
		A71C5440291A797300FBD231 /* MapView.swift in Sources */ = {isa = PBXBuildFile; fileRef = A71C543F291A797300FBD231 /* MapView.swift */; };
		A73AAAF32904E26D0050CA81 /* PostDetailViewController.swift in Sources */ = {isa = PBXBuildFile; fileRef = A73AAAF22904E26D0050CA81 /* PostDetailViewController.swift */; };
		A7414C4E2924EF2F00EE7623 /* UserTypeIntroductionViewController.swift in Sources */ = {isa = PBXBuildFile; fileRef = A7414C4D2924EF2F00EE7623 /* UserTypeIntroductionViewController.swift */; };
		A76096422908ACA900636A99 /* ProfileCollectionViewCell.swift in Sources */ = {isa = PBXBuildFile; fileRef = A76096412908ACA900636A99 /* ProfileCollectionViewCell.swift */; };
		A760964B2909530600636A99 /* MainTabBarViewController.swift in Sources */ = {isa = PBXBuildFile; fileRef = A760964A2909530600636A99 /* MainTabBarViewController.swift */; };
		A764CCED291748FB005C9E0F /* UserGenderBirthViewController.swift in Sources */ = {isa = PBXBuildFile; fileRef = A764CCEC291748FB005C9E0F /* UserGenderBirthViewController.swift */; };
		A7C8DF242901274500F38AD7 /* AppDelegate.swift in Sources */ = {isa = PBXBuildFile; fileRef = A7C8DF232901274500F38AD7 /* AppDelegate.swift */; };
		A7C8DF262901274500F38AD7 /* SceneDelegate.swift in Sources */ = {isa = PBXBuildFile; fileRef = A7C8DF252901274500F38AD7 /* SceneDelegate.swift */; };
		A7C8DF282901274500F38AD7 /* ViewController.swift in Sources */ = {isa = PBXBuildFile; fileRef = A7C8DF272901274500F38AD7 /* ViewController.swift */; };
		A7C8DF2D2901274600F38AD7 /* Assets.xcassets in Resources */ = {isa = PBXBuildFile; fileRef = A7C8DF2C2901274600F38AD7 /* Assets.xcassets */; };
		A7C8DF302901274600F38AD7 /* LaunchScreen.storyboard in Resources */ = {isa = PBXBuildFile; fileRef = A7C8DF2E2901274600F38AD7 /* LaunchScreen.storyboard */; };
/* End PBXBuildFile section */

/* Begin PBXContainerItemProxy section */
		76B027F22901726E002C9DF7 /* PBXContainerItemProxy */ = {
			isa = PBXContainerItemProxy;
			containerPortal = A7C8DF182901274500F38AD7 /* Project object */;
			proxyType = 1;
			remoteGlobalIDString = A7C8DF1F2901274500F38AD7;
			remoteInfo = Vegeting;
		};
/* End PBXContainerItemProxy section */

/* Begin PBXFileReference section */
		4A060C00291398A600D75699 /* ProfileHalfModalViewController.swift */ = {isa = PBXFileReference; lastKnownFileType = sourcecode.swift; path = ProfileHalfModalViewController.swift; sourceTree = "<group>"; };
		4A060C052913AA4300D75699 /* InterestView.swift */ = {isa = PBXFileReference; lastKnownFileType = sourcecode.swift; path = InterestView.swift; sourceTree = "<group>"; };
		4A060C072913AA5E00D75699 /* InterestCollectionViewCell.swift */ = {isa = PBXFileReference; lastKnownFileType = sourcecode.swift; path = InterestCollectionViewCell.swift; sourceTree = "<group>"; };
		4A060C092913D77200D75699 /* TestViewController.swift */ = {isa = PBXFileReference; lastKnownFileType = sourcecode.swift; path = TestViewController.swift; sourceTree = "<group>"; };
		4A31CD232903D73D00E5E422 /* FirstCreateGroupViewController.swift */ = {isa = PBXFileReference; lastKnownFileType = sourcecode.swift; path = FirstCreateGroupViewController.swift; sourceTree = "<group>"; };
		4A31CD262903D86200E5E422 /* GroupCategoryView.swift */ = {isa = PBXFileReference; lastKnownFileType = sourcecode.swift; path = GroupCategoryView.swift; sourceTree = "<group>"; };
		4A31CD292903D89600E5E422 /* GroupCategoryCollectionViewCell.swift */ = {isa = PBXFileReference; lastKnownFileType = sourcecode.swift; path = GroupCategoryCollectionViewCell.swift; sourceTree = "<group>"; };
		4A50D5A42908E03600D1ADE4 /* EmptyResultView.swift */ = {isa = PBXFileReference; lastKnownFileType = sourcecode.swift; path = EmptyResultView.swift; sourceTree = "<group>"; };
		4A50D5A929094D8900D1ADE4 /* Secret.xcconfig */ = {isa = PBXFileReference; lastKnownFileType = text.xcconfig; path = Secret.xcconfig; sourceTree = "<group>"; };
		4A705EF32921CA74002CE1B1 /* MockData.swift */ = {isa = PBXFileReference; fileEncoding = 4; lastKnownFileType = sourcecode.swift; path = MockData.swift; sourceTree = "<group>"; };
		4AB5C27629078AE90064C41E /* Address.swift */ = {isa = PBXFileReference; lastKnownFileType = sourcecode.swift; path = Address.swift; sourceTree = "<group>"; };
		4AB5C27B2907A9CE0064C41E /* Place.swift */ = {isa = PBXFileReference; lastKnownFileType = sourcecode.swift; path = Place.swift; sourceTree = "<group>"; };
		4AC8F0622906BD18007D3946 /* LocationSearchingViewController.swift */ = {isa = PBXFileReference; lastKnownFileType = sourcecode.swift; path = LocationSearchingViewController.swift; sourceTree = "<group>"; };
		4AC8F0642906C5E0007D3946 /* SearchedAddressTableViewCell.swift */ = {isa = PBXFileReference; lastKnownFileType = sourcecode.swift; path = SearchedAddressTableViewCell.swift; sourceTree = "<group>"; };
		4ACF36D52910A87700B95115 /* UINavigationController+Back.swift */ = {isa = PBXFileReference; lastKnownFileType = sourcecode.swift; path = "UINavigationController+Back.swift"; sourceTree = "<group>"; };
		4ADC12DC2901800D00C0FFB6 /* UIColor+Extension.swift */ = {isa = PBXFileReference; lastKnownFileType = sourcecode.swift; path = "UIColor+Extension.swift"; sourceTree = "<group>"; };
		4ADC12E02901813900C0FFB6 /* NSObject+Extension.swift */ = {isa = PBXFileReference; lastKnownFileType = sourcecode.swift; path = "NSObject+Extension.swift"; sourceTree = "<group>"; };
		4ADC12E22901815C00C0FFB6 /* UIViewController+Extension.swift */ = {isa = PBXFileReference; lastKnownFileType = sourcecode.swift; path = "UIViewController+Extension.swift"; sourceTree = "<group>"; };
		4ADC12E42901817800C0FFB6 /* UILabel+Extension.swift */ = {isa = PBXFileReference; lastKnownFileType = sourcecode.swift; path = "UILabel+Extension.swift"; sourceTree = "<group>"; };
		4ADC12E62901818900C0FFB6 /* UIStackView+Extention.swift */ = {isa = PBXFileReference; lastKnownFileType = sourcecode.swift; path = "UIStackView+Extention.swift"; sourceTree = "<group>"; };
		4ADC12E82901819800C0FFB6 /* UIScreen+Extension.swift */ = {isa = PBXFileReference; lastKnownFileType = sourcecode.swift; path = "UIScreen+Extension.swift"; sourceTree = "<group>"; };
		4ADC12EA2901833F00C0FFB6 /* StringLiteral.swift */ = {isa = PBXFileReference; lastKnownFileType = sourcecode.swift; path = StringLiteral.swift; sourceTree = "<group>"; };
		4ADC12EC2901838200C0FFB6 /* ImageLiteral.swift */ = {isa = PBXFileReference; lastKnownFileType = sourcecode.swift; path = ImageLiteral.swift; sourceTree = "<group>"; };
		4ADC12EE290183F500C0FFB6 /* BaseViewController.swift */ = {isa = PBXFileReference; lastKnownFileType = sourcecode.swift; path = BaseViewController.swift; sourceTree = "<group>"; };
		4ADC12F02901856B00C0FFB6 /* UIView+Constraint.swift */ = {isa = PBXFileReference; lastKnownFileType = sourcecode.swift; path = "UIView+Constraint.swift"; sourceTree = "<group>"; };
		4ADC12F22901857F00C0FFB6 /* UIViewController+Alert.swift */ = {isa = PBXFileReference; lastKnownFileType = sourcecode.swift; path = "UIViewController+Alert.swift"; sourceTree = "<group>"; };
		4AF67E922912050B00D4A2C4 /* ChatRoomListViewController.swift */ = {isa = PBXFileReference; lastKnownFileType = sourcecode.swift; path = ChatRoomListViewController.swift; sourceTree = "<group>"; };
		4AF67E94291206C000D4A2C4 /* ChatRoomTableViewCell.swift */ = {isa = PBXFileReference; lastKnownFileType = sourcecode.swift; path = ChatRoomTableViewCell.swift; sourceTree = "<group>"; };
		4AFA58A92903EA6400679142 /* UIView+Extension.swift */ = {isa = PBXFileReference; lastKnownFileType = sourcecode.swift; path = "UIView+Extension.swift"; sourceTree = "<group>"; };
		4AFA58AC29050B3800679142 /* Date+Extension.swift */ = {isa = PBXFileReference; lastKnownFileType = sourcecode.swift; path = "Date+Extension.swift"; sourceTree = "<group>"; };
		4AFA58AE29050B5C00679142 /* String+Extension.swift */ = {isa = PBXFileReference; lastKnownFileType = sourcecode.swift; path = "String+Extension.swift"; sourceTree = "<group>"; };
		4AFA58B1290526C300679142 /* NumberOfGroupPeopleView.swift */ = {isa = PBXFileReference; lastKnownFileType = sourcecode.swift; path = NumberOfGroupPeopleView.swift; sourceTree = "<group>"; };
		4AFA58B42905280F00679142 /* NumberOfPeopleCollectionViewCell.swift */ = {isa = PBXFileReference; lastKnownFileType = sourcecode.swift; path = NumberOfPeopleCollectionViewCell.swift; sourceTree = "<group>"; };
		4AFF0F4F2919F7C300F7496C /* MyPageViewController.swift */ = {isa = PBXFileReference; lastKnownFileType = sourcecode.swift; path = MyPageViewController.swift; sourceTree = "<group>"; };
		4AFF0F522919F8C400F7496C /* MyPageTableViewCell.swift */ = {isa = PBXFileReference; lastKnownFileType = sourcecode.swift; path = MyPageTableViewCell.swift; sourceTree = "<group>"; };
		4AFF0F542919F8E100F7496C /* MyPageProfileTableViewCell.swift */ = {isa = PBXFileReference; lastKnownFileType = sourcecode.swift; path = MyPageProfileTableViewCell.swift; sourceTree = "<group>"; };
		4AFF0F56291AA5CE00F7496C /* MyPageSettingElement.swift */ = {isa = PBXFileReference; lastKnownFileType = sourcecode.swift; path = MyPageSettingElement.swift; sourceTree = "<group>"; };
		4AFF0F58291AAF0900F7496C /* ProfileView.swift */ = {isa = PBXFileReference; lastKnownFileType = sourcecode.swift; path = ProfileView.swift; sourceTree = "<group>"; };
		4AFF0F5A291AB2F600F7496C /* MyProfileEditViewController.swift */ = {isa = PBXFileReference; lastKnownFileType = sourcecode.swift; path = MyProfileEditViewController.swift; sourceTree = "<group>"; };
		7628CC772913DB5F00CDA679 /* Vegeting.entitlements */ = {isa = PBXFileReference; lastKnownFileType = text.plist.entitlements; path = Vegeting.entitlements; sourceTree = "<group>"; };
		7628CC782913DEAE00CDA679 /* AuthManager.swift */ = {isa = PBXFileReference; lastKnownFileType = sourcecode.swift; path = AuthManager.swift; sourceTree = "<group>"; };
		7628CC7A2914AF7B00CDA679 /* MockData.swift */ = {isa = PBXFileReference; lastKnownFileType = sourcecode.swift; path = MockData.swift; sourceTree = "<group>"; };
		7645E749290700E5009E2E3B /* SignInViewController.swift */ = {isa = PBXFileReference; lastKnownFileType = sourcecode.swift; path = SignInViewController.swift; sourceTree = "<group>"; };
		7645E7502907031D009E2E3B /* SignInViewModel.swift */ = {isa = PBXFileReference; lastKnownFileType = sourcecode.swift; path = SignInViewModel.swift; sourceTree = "<group>"; };
		7645E75629070FC6009E2E3B /* FirebaseManager.swift */ = {isa = PBXFileReference; lastKnownFileType = sourcecode.swift; path = FirebaseManager.swift; sourceTree = "<group>"; };
		76491C7B291AC51C00FF828A /* ErrorLiteral.swift */ = {isa = PBXFileReference; lastKnownFileType = sourcecode.swift; path = ErrorLiteral.swift; sourceTree = "<group>"; };
		76548E2D291AB11700418994 /* RecentChat.swift */ = {isa = PBXFileReference; lastKnownFileType = sourcecode.swift; path = RecentChat.swift; sourceTree = "<group>"; };
		765C9E7A29230BB00090B14A /* OtherChatContentCollectionViewCell.swift */ = {isa = PBXFileReference; fileEncoding = 4; lastKnownFileType = sourcecode.swift; path = OtherChatContentCollectionViewCell.swift; sourceTree = "<group>"; };
		765C9E7B29230BB00090B14A /* MyChatContentCollectionViewCell.swift */ = {isa = PBXFileReference; fileEncoding = 4; lastKnownFileType = sourcecode.swift; path = MyChatContentCollectionViewCell.swift; sourceTree = "<group>"; };
		765C9E7D29230BB00090B14A /* ChatRoomViewController.swift */ = {isa = PBXFileReference; fileEncoding = 4; lastKnownFileType = sourcecode.swift; path = ChatRoomViewController.swift; sourceTree = "<group>"; };
		765C9E8629231A720090B14A /* ChatRoomViewModel.swift */ = {isa = PBXFileReference; fileEncoding = 4; lastKnownFileType = sourcecode.swift; path = ChatRoomViewModel.swift; sourceTree = "<group>"; };
		76B027EE2901726E002C9DF7 /* VegetingTests.xctest */ = {isa = PBXFileReference; explicitFileType = wrapper.cfbundle; includeInIndex = 0; path = VegetingTests.xctest; sourceTree = BUILT_PRODUCTS_DIR; };
		76B027F02901726E002C9DF7 /* VegetingTests.swift */ = {isa = PBXFileReference; lastKnownFileType = sourcecode.swift; path = VegetingTests.swift; sourceTree = "<group>"; };
		76B0282529051FC9002C9DF7 /* VFUser.swift */ = {isa = PBXFileReference; lastKnownFileType = sourcecode.swift; path = VFUser.swift; sourceTree = "<group>"; };
		76B02838290526AF002C9DF7 /* Club.swift */ = {isa = PBXFileReference; lastKnownFileType = sourcecode.swift; path = Club.swift; sourceTree = "<group>"; };
		76B0283A290528F8002C9DF7 /* Chat.swift */ = {isa = PBXFileReference; lastKnownFileType = sourcecode.swift; path = Chat.swift; sourceTree = "<group>"; };
		76B0283C29052937002C9DF7 /* Participant.swift */ = {isa = PBXFileReference; lastKnownFileType = sourcecode.swift; path = Participant.swift; sourceTree = "<group>"; };
		76E9EC3D2919C9FC00193B1C /* GoogleService-Info.plist */ = {isa = PBXFileReference; fileEncoding = 4; lastKnownFileType = text.plist.xml; path = "GoogleService-Info.plist"; sourceTree = "<group>"; };
		A2007F48291444730003DABB /* SegmentedControlCustomView.swift */ = {isa = PBXFileReference; lastKnownFileType = sourcecode.swift; path = SegmentedControlCustomView.swift; sourceTree = "<group>"; };
		A2007F4B2914BF5D0003DABB /* CategoryView.swift */ = {isa = PBXFileReference; lastKnownFileType = sourcecode.swift; path = CategoryView.swift; sourceTree = "<group>"; };
		A215B29829069D9600DD60B2 /* SecondCreateGroupViewController.swift */ = {isa = PBXFileReference; lastKnownFileType = sourcecode.swift; path = SecondCreateGroupViewController.swift; sourceTree = "<group>"; };
		A215B29B2906DB6400DD60B2 /* PhotoPickerView.swift */ = {isa = PBXFileReference; lastKnownFileType = sourcecode.swift; path = PhotoPickerView.swift; sourceTree = "<group>"; };
		A215B29D2906FA3E00DD60B2 /* UITextField+Extension.swift */ = {isa = PBXFileReference; lastKnownFileType = sourcecode.swift; path = "UITextField+Extension.swift"; sourceTree = "<group>"; };
		A26198752909539B00ECCC4F /* ClubListCollectionViewCell.swift */ = {isa = PBXFileReference; lastKnownFileType = sourcecode.swift; path = ClubListCollectionViewCell.swift; sourceTree = "<group>"; };
		A26198772909567100ECCC4F /* LabelWithImageStackView.swift */ = {isa = PBXFileReference; lastKnownFileType = sourcecode.swift; path = LabelWithImageStackView.swift; sourceTree = "<group>"; };
		A261987C290A350300ECCC4F /* BottomButton.swift */ = {isa = PBXFileReference; lastKnownFileType = sourcecode.swift; path = BottomButton.swift; sourceTree = "<group>"; };
		A2F369D02908258B007F3732 /* GroupInfoView.swift */ = {isa = PBXFileReference; lastKnownFileType = sourcecode.swift; path = GroupInfoView.swift; sourceTree = "<group>"; };
		A2F369D829090E72007F3732 /* UIButton+Extension.swift */ = {isa = PBXFileReference; lastKnownFileType = sourcecode.swift; path = "UIButton+Extension.swift"; sourceTree = "<group>"; };
		A2F369DC290948BB007F3732 /* GroupListViewController.swift */ = {isa = PBXFileReference; lastKnownFileType = sourcecode.swift; path = GroupListViewController.swift; sourceTree = "<group>"; };
		A7164B3029123E7100FFB668 /* UserProfileViewController.swift */ = {isa = PBXFileReference; lastKnownFileType = sourcecode.swift; path = UserProfileViewController.swift; sourceTree = "<group>"; };
		A71C543C291A655200FBD231 /* LocationAuthViewController.swift */ = {isa = PBXFileReference; lastKnownFileType = sourcecode.swift; path = LocationAuthViewController.swift; sourceTree = "<group>"; };
		A71C543F291A797300FBD231 /* MapView.swift */ = {isa = PBXFileReference; lastKnownFileType = sourcecode.swift; path = MapView.swift; sourceTree = "<group>"; };
		A73AAAF22904E26D0050CA81 /* PostDetailViewController.swift */ = {isa = PBXFileReference; lastKnownFileType = sourcecode.swift; path = PostDetailViewController.swift; sourceTree = "<group>"; };
		A7414C4D2924EF2F00EE7623 /* UserTypeIntroductionViewController.swift */ = {isa = PBXFileReference; lastKnownFileType = sourcecode.swift; path = UserTypeIntroductionViewController.swift; sourceTree = "<group>"; };
		A76096412908ACA900636A99 /* ProfileCollectionViewCell.swift */ = {isa = PBXFileReference; lastKnownFileType = sourcecode.swift; path = ProfileCollectionViewCell.swift; sourceTree = "<group>"; };
		A760964A2909530600636A99 /* MainTabBarViewController.swift */ = {isa = PBXFileReference; lastKnownFileType = sourcecode.swift; path = MainTabBarViewController.swift; sourceTree = "<group>"; };
		A764CCEC291748FB005C9E0F /* UserGenderBirthViewController.swift */ = {isa = PBXFileReference; lastKnownFileType = sourcecode.swift; path = UserGenderBirthViewController.swift; sourceTree = "<group>"; };
		A7C8DF202901274500F38AD7 /* Vegeting.app */ = {isa = PBXFileReference; explicitFileType = wrapper.application; includeInIndex = 0; path = Vegeting.app; sourceTree = BUILT_PRODUCTS_DIR; };
		A7C8DF232901274500F38AD7 /* AppDelegate.swift */ = {isa = PBXFileReference; lastKnownFileType = sourcecode.swift; path = AppDelegate.swift; sourceTree = "<group>"; };
		A7C8DF252901274500F38AD7 /* SceneDelegate.swift */ = {isa = PBXFileReference; lastKnownFileType = sourcecode.swift; path = SceneDelegate.swift; sourceTree = "<group>"; };
		A7C8DF272901274500F38AD7 /* ViewController.swift */ = {isa = PBXFileReference; lastKnownFileType = sourcecode.swift; path = ViewController.swift; sourceTree = "<group>"; };
		A7C8DF2C2901274600F38AD7 /* Assets.xcassets */ = {isa = PBXFileReference; lastKnownFileType = folder.assetcatalog; path = Assets.xcassets; sourceTree = "<group>"; };
		A7C8DF2F2901274600F38AD7 /* Base */ = {isa = PBXFileReference; lastKnownFileType = file.storyboard; name = Base; path = Base.lproj/LaunchScreen.storyboard; sourceTree = "<group>"; };
		A7C8DF312901274600F38AD7 /* Info.plist */ = {isa = PBXFileReference; lastKnownFileType = text.plist.xml; name = Info.plist; path = Vegeting/Global/Supports/Info.plist; sourceTree = SOURCE_ROOT; };
/* End PBXFileReference section */

/* Begin PBXFrameworksBuildPhase section */
		76B027EB2901726E002C9DF7 /* Frameworks */ = {
			isa = PBXFrameworksBuildPhase;
			buildActionMask = 2147483647;
			files = (
			);
			runOnlyForDeploymentPostprocessing = 0;
		};
		A7C8DF1D2901274500F38AD7 /* Frameworks */ = {
			isa = PBXFrameworksBuildPhase;
			buildActionMask = 2147483647;
			files = (
				76B0283529052209002C9DF7 /* FirebaseFirestoreSwift in Frameworks */,
				76B0282D29052209002C9DF7 /* FirebaseAuth in Frameworks */,
				76B0283329052209002C9DF7 /* FirebaseFirestoreCombine-Community in Frameworks */,
				76B0282F29052209002C9DF7 /* FirebaseAuthCombine-Community in Frameworks */,
				76FF7CF82917BDF70020BB2C /* KakaoSDKCommon in Frameworks */,
				76B0283129052209002C9DF7 /* FirebaseFirestore in Frameworks */,
				4AB5C27A29078DB20064C41E /* SwiftyJSON in Frameworks */,
				4AB5C27429078A910064C41E /* Alamofire in Frameworks */,
				76FF7CFA2917BDF70020BB2C /* KakaoSDKUser in Frameworks */,
				76FF7CF62917BDF70020BB2C /* KakaoSDKAuth in Frameworks */,
			);
			runOnlyForDeploymentPostprocessing = 0;
		};
/* End PBXFrameworksBuildPhase section */

/* Begin PBXGroup section */
		4A060C022913A1A800D75699 /* UIComponent */ = {
			isa = PBXGroup;
			children = (
				4A060C052913AA4300D75699 /* InterestView.swift */,
			);
			path = UIComponent;
			sourceTree = "<group>";
		};
		4A31CD222903D61900E5E422 /* CreateGroup */ = {
			isa = PBXGroup;
			children = (
				4AFA58B3290527C800679142 /* Cells */,
				4AFA58B0290525B100679142 /* Components */,
				4A31CD2B2903DE2E00E5E422 /* ViewController */,
			);
			path = CreateGroup;
			sourceTree = "<group>";
		};
		4A31CD252903D83200E5E422 /* UIComponent */ = {
			isa = PBXGroup;
			children = (
				4A31CD282903D86E00E5E422 /* Cell */,
				4A31CD262903D86200E5E422 /* GroupCategoryView.swift */,
				A26198772909567100ECCC4F /* LabelWithImageStackView.swift */,
				A2F369D02908258B007F3732 /* GroupInfoView.swift */,
				A261987C290A350300ECCC4F /* BottomButton.swift */,
				4AFF0F58291AAF0900F7496C /* ProfileView.swift */,
				A2007F4B2914BF5D0003DABB /* CategoryView.swift */,
			);
			path = UIComponent;
			sourceTree = "<group>";
		};
		4A31CD282903D86E00E5E422 /* Cell */ = {
			isa = PBXGroup;
			children = (
				4A31CD292903D89600E5E422 /* GroupCategoryCollectionViewCell.swift */,
			);
			path = Cell;
			sourceTree = "<group>";
		};
		4A31CD2B2903DE2E00E5E422 /* ViewController */ = {
			isa = PBXGroup;
			children = (
				A215B29A2906DB3700DD60B2 /* Component */,
				4A31CD232903D73D00E5E422 /* FirstCreateGroupViewController.swift */,
				A215B29829069D9600DD60B2 /* SecondCreateGroupViewController.swift */,
				4AC8F0622906BD18007D3946 /* LocationSearchingViewController.swift */,
			);
			path = ViewController;
			sourceTree = "<group>";
		};
		4A66F514291FC996005DF3D7 /* Recovered References */ = {
			isa = PBXGroup;
			children = (
				7628CC7A2914AF7B00CDA679 /* MockData.swift */,
			);
			name = "Recovered References";
			sourceTree = "<group>";
		};
		4ADC12D229017A3B00C0FFB6 /* Global */ = {
			isa = PBXGroup;
			children = (
				7645E75529070FBF009E2E3B /* Manager */,
				76B0282429051FAC002C9DF7 /* Models */,
				4A31CD252903D83200E5E422 /* UIComponent */,
				4ADC12D929017A9800C0FFB6 /* Base */,
				4ADC12D829017A9600C0FFB6 /* Literals */,
				4ADC12D729017A9300C0FFB6 /* Utils */,
				4ADC12D629017A9100C0FFB6 /* Extensions */,
				4ADC12D529017A8F00C0FFB6 /* Resources */,
				4ADC12D429017A6D00C0FFB6 /* Supports */,
			);
			path = Global;
			sourceTree = "<group>";
		};
		4ADC12D429017A6D00C0FFB6 /* Supports */ = {
			isa = PBXGroup;
			children = (
				A7C8DF312901274600F38AD7 /* Info.plist */,
				A7C8DF232901274500F38AD7 /* AppDelegate.swift */,
				76E9EC3D2919C9FC00193B1C /* GoogleService-Info.plist */,
				A7C8DF252901274500F38AD7 /* SceneDelegate.swift */,
				4A50D5A929094D8900D1ADE4 /* Secret.xcconfig */,
			);
			path = Supports;
			sourceTree = "<group>";
		};
		4ADC12D529017A8F00C0FFB6 /* Resources */ = {
			isa = PBXGroup;
			children = (
				A7C8DF2C2901274600F38AD7 /* Assets.xcassets */,
				4ADC12DB29017D3200C0FFB6 /* Storyboards */,
			);
			path = Resources;
			sourceTree = "<group>";
		};
		4ADC12D629017A9100C0FFB6 /* Extensions */ = {
			isa = PBXGroup;
			children = (
				4ADC12DC2901800D00C0FFB6 /* UIColor+Extension.swift */,
				4ADC12E02901813900C0FFB6 /* NSObject+Extension.swift */,
				4ADC12E22901815C00C0FFB6 /* UIViewController+Extension.swift */,
				4ADC12E42901817800C0FFB6 /* UILabel+Extension.swift */,
				4ADC12E62901818900C0FFB6 /* UIStackView+Extention.swift */,
				4ADC12E82901819800C0FFB6 /* UIScreen+Extension.swift */,
				A2F369D829090E72007F3732 /* UIButton+Extension.swift */,
				4AFA58A92903EA6400679142 /* UIView+Extension.swift */,
				4AFA58AC29050B3800679142 /* Date+Extension.swift */,
				4AFA58AE29050B5C00679142 /* String+Extension.swift */,
				A215B29D2906FA3E00DD60B2 /* UITextField+Extension.swift */,
			);
			path = Extensions;
			sourceTree = "<group>";
		};
		4ADC12D729017A9300C0FFB6 /* Utils */ = {
			isa = PBXGroup;
			children = (
				4ADC12F02901856B00C0FFB6 /* UIView+Constraint.swift */,
				4ADC12F22901857F00C0FFB6 /* UIViewController+Alert.swift */,
				4ACF36D52910A87700B95115 /* UINavigationController+Back.swift */,
			);
			path = Utils;
			sourceTree = "<group>";
		};
		4ADC12D829017A9600C0FFB6 /* Literals */ = {
			isa = PBXGroup;
			children = (
				4A705EF32921CA74002CE1B1 /* MockData.swift */,
				4ADC12EA2901833F00C0FFB6 /* StringLiteral.swift */,
				4ADC12EC2901838200C0FFB6 /* ImageLiteral.swift */,
				76491C7B291AC51C00FF828A /* ErrorLiteral.swift */,
			);
			path = Literals;
			sourceTree = "<group>";
		};
		4ADC12D929017A9800C0FFB6 /* Base */ = {
			isa = PBXGroup;
			children = (
				4ADC12EE290183F500C0FFB6 /* BaseViewController.swift */,
			);
			path = Base;
			sourceTree = "<group>";
		};
		4ADC12DA29017B9E00C0FFB6 /* Screens */ = {
			isa = PBXGroup;
			children = (
				7615B65B29221F5B00A34DA4 /* ChatRoomDetail */,
				4AFF0F4D2919F7A200F7496C /* MyPage */,
				A7164B2F29123DFD00FFB668 /* RegisterUserProfile */,
				A2F369DA29094877007F3732 /* GroupList */,
				4AF67E8F291204B600D4A2C4 /* ChatRoom */,
				A75F9E1D2904DC3700CFD884 /* PostDetail */,
				7645E748290700CD009E2E3B /* SignIn */,
				4A31CD222903D61900E5E422 /* CreateGroup */,
				4ADC12F5290212C100C0FFB6 /* Main */,
			);
			path = Screens;
			sourceTree = "<group>";
		};
		4ADC12DB29017D3200C0FFB6 /* Storyboards */ = {
			isa = PBXGroup;
			children = (
				A7C8DF2E2901274600F38AD7 /* LaunchScreen.storyboard */,
			);
			path = Storyboards;
			sourceTree = "<group>";
		};
		4ADC12F5290212C100C0FFB6 /* Main */ = {
			isa = PBXGroup;
			children = (
				4AFA58AB2904244400679142 /* ViewController */,
			);
			path = Main;
			sourceTree = "<group>";
		};
		4AF67E8F291204B600D4A2C4 /* ChatRoom */ = {
			isa = PBXGroup;
			children = (
				4A060C022913A1A800D75699 /* UIComponent */,
				4AF67E91291204CF00D4A2C4 /* Cell */,
				4AF67E90291204C100D4A2C4 /* ViewController */,
			);
			path = ChatRoom;
			sourceTree = "<group>";
		};
		4AF67E90291204C100D4A2C4 /* ViewController */ = {
			isa = PBXGroup;
			children = (
				4AF67E922912050B00D4A2C4 /* ChatRoomListViewController.swift */,
				4A060C00291398A600D75699 /* ProfileHalfModalViewController.swift */,
				4A060C092913D77200D75699 /* TestViewController.swift */,
			);
			path = ViewController;
			sourceTree = "<group>";
		};
		4AF67E91291204CF00D4A2C4 /* Cell */ = {
			isa = PBXGroup;
			children = (
				4AF67E94291206C000D4A2C4 /* ChatRoomTableViewCell.swift */,
				4A060C072913AA5E00D75699 /* InterestCollectionViewCell.swift */,
			);
			path = Cell;
			sourceTree = "<group>";
		};
		4AFA58AB2904244400679142 /* ViewController */ = {
			isa = PBXGroup;
			children = (
				A7C8DF272901274500F38AD7 /* ViewController.swift */,
				A760964A2909530600636A99 /* MainTabBarViewController.swift */,
			);
			path = ViewController;
			sourceTree = "<group>";
		};
		4AFA58B0290525B100679142 /* Components */ = {
			isa = PBXGroup;
			children = (
				4AFA58B1290526C300679142 /* NumberOfGroupPeopleView.swift */,
				4A50D5A42908E03600D1ADE4 /* EmptyResultView.swift */,
			);
			path = Components;
			sourceTree = "<group>";
		};
		4AFA58B3290527C800679142 /* Cells */ = {
			isa = PBXGroup;
			children = (
				4AFA58B42905280F00679142 /* NumberOfPeopleCollectionViewCell.swift */,
				4AC8F0642906C5E0007D3946 /* SearchedAddressTableViewCell.swift */,
			);
			path = Cells;
			sourceTree = "<group>";
		};
		4AFF0F4D2919F7A200F7496C /* MyPage */ = {
			isa = PBXGroup;
			children = (
				4AFF0F512919F8AD00F7496C /* Cell */,
				4AFF0F4E2919F7B000F7496C /* ViewController */,
			);
			path = MyPage;
			sourceTree = "<group>";
		};
		4AFF0F4E2919F7B000F7496C /* ViewController */ = {
			isa = PBXGroup;
			children = (
				4AFF0F4F2919F7C300F7496C /* MyPageViewController.swift */,
				4AFF0F5A291AB2F600F7496C /* MyProfileEditViewController.swift */,
			);
			path = ViewController;
			sourceTree = "<group>";
		};
		4AFF0F512919F8AD00F7496C /* Cell */ = {
			isa = PBXGroup;
			children = (
				4AFF0F522919F8C400F7496C /* MyPageTableViewCell.swift */,
				4AFF0F542919F8E100F7496C /* MyPageProfileTableViewCell.swift */,
			);
			path = Cell;
			sourceTree = "<group>";
		};
		7615B65B29221F5B00A34DA4 /* ChatRoomDetail */ = {
			isa = PBXGroup;
			children = (
				765C9E7929230BB00090B14A /* Component */,
				765C9E7C29230BB00090B14A /* ViewController */,
				765C9E8529231A640090B14A /* ViewModel */,
			);
			path = ChatRoomDetail;
			sourceTree = "<group>";
		};
		7645E748290700CD009E2E3B /* SignIn */ = {
			isa = PBXGroup;
			children = (
				7645E74F2907030D009E2E3B /* ViewModel */,
				7645E74B290700EA009E2E3B /* ViewControllers */,
			);
			path = SignIn;
			sourceTree = "<group>";
		};
		7645E74B290700EA009E2E3B /* ViewControllers */ = {
			isa = PBXGroup;
			children = (
				7645E749290700E5009E2E3B /* SignInViewController.swift */,
			);
			path = ViewControllers;
			sourceTree = "<group>";
		};
		7645E74F2907030D009E2E3B /* ViewModel */ = {
			isa = PBXGroup;
			children = (
				7645E7502907031D009E2E3B /* SignInViewModel.swift */,
			);
			path = ViewModel;
			sourceTree = "<group>";
		};
		7645E75529070FBF009E2E3B /* Manager */ = {
			isa = PBXGroup;
			children = (
				7645E75629070FC6009E2E3B /* FirebaseManager.swift */,
				7628CC782913DEAE00CDA679 /* AuthManager.swift */,
			);
			path = Manager;
			sourceTree = "<group>";
		};
		765C9E7929230BB00090B14A /* Component */ = {
			isa = PBXGroup;
			children = (
				765C9E7A29230BB00090B14A /* OtherChatContentCollectionViewCell.swift */,
				765C9E7B29230BB00090B14A /* MyChatContentCollectionViewCell.swift */,
			);
			path = Component;
			sourceTree = "<group>";
		};
		765C9E7C29230BB00090B14A /* ViewController */ = {
			isa = PBXGroup;
			children = (
				765C9E7D29230BB00090B14A /* ChatRoomViewController.swift */,
			);
			path = ViewController;
			sourceTree = "<group>";
		};
		765C9E8529231A640090B14A /* ViewModel */ = {
			isa = PBXGroup;
			children = (
				765C9E8629231A720090B14A /* ChatRoomViewModel.swift */,
			);
			path = ViewModel;
			sourceTree = "<group>";
		};
		76B027EF2901726E002C9DF7 /* VegetingTests */ = {
			isa = PBXGroup;
			children = (
				76B027F02901726E002C9DF7 /* VegetingTests.swift */,
			);
			path = VegetingTests;
			sourceTree = "<group>";
		};
		76B0282429051FAC002C9DF7 /* Models */ = {
			isa = PBXGroup;
			children = (
				4AB5C27629078AE90064C41E /* Address.swift */,
				4AB5C27B2907A9CE0064C41E /* Place.swift */,
				76B0282529051FC9002C9DF7 /* VFUser.swift */,
				76B02838290526AF002C9DF7 /* Club.swift */,
				76B0283A290528F8002C9DF7 /* Chat.swift */,
				76B0283C29052937002C9DF7 /* Participant.swift */,
				76548E2D291AB11700418994 /* RecentChat.swift */,
				4AFF0F56291AA5CE00F7496C /* MyPageSettingElement.swift */,
			);
			path = Models;
			sourceTree = "<group>";
		};
		A215B29A2906DB3700DD60B2 /* Component */ = {
			isa = PBXGroup;
			children = (
				A215B29B2906DB6400DD60B2 /* PhotoPickerView.swift */,
			);
			path = Component;
			sourceTree = "<group>";
		};
		A26198742909537300ECCC4F /* Component */ = {
			isa = PBXGroup;
			children = (
				A26198752909539B00ECCC4F /* ClubListCollectionViewCell.swift */,
				A2007F48291444730003DABB /* SegmentedControlCustomView.swift */,
			);
			path = Component;
			sourceTree = "<group>";
		};
		A2F369DA29094877007F3732 /* GroupList */ = {
			isa = PBXGroup;
			children = (
				A26198742909537300ECCC4F /* Component */,
				A2F369DB29094889007F3732 /* ViewController */,
			);
			path = GroupList;
			sourceTree = "<group>";
		};
		A2F369DB29094889007F3732 /* ViewController */ = {
			isa = PBXGroup;
			children = (
				A2F369DC290948BB007F3732 /* GroupListViewController.swift */,
			);
			path = ViewController;
			sourceTree = "<group>";
		};
		A7164B2F29123DFD00FFB668 /* RegisterUserProfile */ = {
			isa = PBXGroup;
			children = (
				A71C543E291A793C00FBD231 /* Component */,
				A7164B3029123E7100FFB668 /* UserProfileViewController.swift */,
				A764CCEC291748FB005C9E0F /* UserGenderBirthViewController.swift */,
				A71C543C291A655200FBD231 /* LocationAuthViewController.swift */,
				A7414C4D2924EF2F00EE7623 /* UserTypeIntroductionViewController.swift */,
			);
			path = RegisterUserProfile;
			sourceTree = "<group>";
		};
		A71C543E291A793C00FBD231 /* Component */ = {
			isa = PBXGroup;
			children = (
				A71C543F291A797300FBD231 /* MapView.swift */,
			);
			path = Component;
			sourceTree = "<group>";
		};
		A75F9E1D2904DC3700CFD884 /* PostDetail */ = {
			isa = PBXGroup;
			children = (
				A73AAAF22904E26D0050CA81 /* PostDetailViewController.swift */,
				A76096412908ACA900636A99 /* ProfileCollectionViewCell.swift */,
			);
			path = PostDetail;
			sourceTree = "<group>";
		};
		A7C8DF172901274500F38AD7 = {
			isa = PBXGroup;
			children = (
				A7C8DF222901274500F38AD7 /* Vegeting */,
				76B027EF2901726E002C9DF7 /* VegetingTests */,
				A7C8DF212901274500F38AD7 /* Products */,
				4A66F514291FC996005DF3D7 /* Recovered References */,
			);
			sourceTree = "<group>";
		};
		A7C8DF212901274500F38AD7 /* Products */ = {
			isa = PBXGroup;
			children = (
				A7C8DF202901274500F38AD7 /* Vegeting.app */,
				76B027EE2901726E002C9DF7 /* VegetingTests.xctest */,
			);
			name = Products;
			sourceTree = "<group>";
		};
		A7C8DF222901274500F38AD7 /* Vegeting */ = {
			isa = PBXGroup;
			children = (
				7628CC772913DB5F00CDA679 /* Vegeting.entitlements */,
				4ADC12D229017A3B00C0FFB6 /* Global */,
				4ADC12DA29017B9E00C0FFB6 /* Screens */,
			);
			path = Vegeting;
			sourceTree = "<group>";
		};
/* End PBXGroup section */

/* Begin PBXNativeTarget section */
		76B027ED2901726E002C9DF7 /* VegetingTests */ = {
			isa = PBXNativeTarget;
			buildConfigurationList = 76B027F62901726E002C9DF7 /* Build configuration list for PBXNativeTarget "VegetingTests" */;
			buildPhases = (
				76B027EA2901726E002C9DF7 /* Sources */,
				76B027EB2901726E002C9DF7 /* Frameworks */,
				76B027EC2901726E002C9DF7 /* Resources */,
			);
			buildRules = (
			);
			dependencies = (
				76B027F32901726E002C9DF7 /* PBXTargetDependency */,
			);
			name = VegetingTests;
			productName = VegetingTests;
			productReference = 76B027EE2901726E002C9DF7 /* VegetingTests.xctest */;
			productType = "com.apple.product-type.bundle.unit-test";
		};
		A7C8DF1F2901274500F38AD7 /* Vegeting */ = {
			isa = PBXNativeTarget;
			buildConfigurationList = A7C8DF342901274600F38AD7 /* Build configuration list for PBXNativeTarget "Vegeting" */;
			buildPhases = (
				A7C8DF1C2901274500F38AD7 /* Sources */,
				A7C8DF1D2901274500F38AD7 /* Frameworks */,
				A7C8DF1E2901274500F38AD7 /* Resources */,
			);
			buildRules = (
			);
			dependencies = (
			);
			name = Vegeting;
			packageProductDependencies = (
				76B0282C29052209002C9DF7 /* FirebaseAuth */,
				76B0282E29052209002C9DF7 /* FirebaseAuthCombine-Community */,
				76B0283029052209002C9DF7 /* FirebaseFirestore */,
				76B0283229052209002C9DF7 /* FirebaseFirestoreCombine-Community */,
				76B0283429052209002C9DF7 /* FirebaseFirestoreSwift */,
				4AB5C27329078A910064C41E /* Alamofire */,
				4AB5C27929078DB20064C41E /* SwiftyJSON */,
				76FF7CF52917BDF70020BB2C /* KakaoSDKAuth */,
				76FF7CF72917BDF70020BB2C /* KakaoSDKCommon */,
				76FF7CF92917BDF70020BB2C /* KakaoSDKUser */,
			);
			productName = Vegeting;
			productReference = A7C8DF202901274500F38AD7 /* Vegeting.app */;
			productType = "com.apple.product-type.application";
		};
/* End PBXNativeTarget section */

/* Begin PBXProject section */
		A7C8DF182901274500F38AD7 /* Project object */ = {
			isa = PBXProject;
			attributes = {
				BuildIndependentTargetsInParallel = 1;
				LastSwiftUpdateCheck = 1330;
				LastUpgradeCheck = 1340;
				TargetAttributes = {
					76B027ED2901726E002C9DF7 = {
						CreatedOnToolsVersion = 13.3.1;
						TestTargetID = A7C8DF1F2901274500F38AD7;
					};
					A7C8DF1F2901274500F38AD7 = {
						CreatedOnToolsVersion = 13.4.1;
					};
				};
			};
			buildConfigurationList = A7C8DF1B2901274500F38AD7 /* Build configuration list for PBXProject "Vegeting" */;
			compatibilityVersion = "Xcode 13.0";
			developmentRegion = en;
			hasScannedForEncodings = 0;
			knownRegions = (
				en,
				Base,
			);
			mainGroup = A7C8DF172901274500F38AD7;
			packageReferences = (
				76B0282B29052209002C9DF7 /* XCRemoteSwiftPackageReference "firebase-ios-sdk" */,
				4AB5C27229078A910064C41E /* XCRemoteSwiftPackageReference "Alamofire" */,
				4AB5C27829078DB20064C41E /* XCRemoteSwiftPackageReference "SwiftyJSON" */,
				76FF7CF42917BDF70020BB2C /* XCRemoteSwiftPackageReference "kakao-ios-sdk" */,
			);
			productRefGroup = A7C8DF212901274500F38AD7 /* Products */;
			projectDirPath = "";
			projectRoot = "";
			targets = (
				A7C8DF1F2901274500F38AD7 /* Vegeting */,
				76B027ED2901726E002C9DF7 /* VegetingTests */,
			);
		};
/* End PBXProject section */

/* Begin PBXResourcesBuildPhase section */
		76B027EC2901726E002C9DF7 /* Resources */ = {
			isa = PBXResourcesBuildPhase;
			buildActionMask = 2147483647;
			files = (
			);
			runOnlyForDeploymentPostprocessing = 0;
		};
		A7C8DF1E2901274500F38AD7 /* Resources */ = {
			isa = PBXResourcesBuildPhase;
			buildActionMask = 2147483647;
			files = (
				A7C8DF302901274600F38AD7 /* LaunchScreen.storyboard in Resources */,
				A7C8DF2D2901274600F38AD7 /* Assets.xcassets in Resources */,
				76E9EC3E2919C9FC00193B1C /* GoogleService-Info.plist in Resources */,
			);
			runOnlyForDeploymentPostprocessing = 0;
		};
/* End PBXResourcesBuildPhase section */

/* Begin PBXSourcesBuildPhase section */
		76B027EA2901726E002C9DF7 /* Sources */ = {
			isa = PBXSourcesBuildPhase;
			buildActionMask = 2147483647;
			files = (
				76B027F12901726E002C9DF7 /* VegetingTests.swift in Sources */,
			);
			runOnlyForDeploymentPostprocessing = 0;
		};
		A7C8DF1C2901274500F38AD7 /* Sources */ = {
			isa = PBXSourcesBuildPhase;
			buildActionMask = 2147483647;
			files = (
				76491C7C291AC51C00FF828A /* ErrorLiteral.swift in Sources */,
				76548E2E291AB11700418994 /* RecentChat.swift in Sources */,
				4ADC12E32901815C00C0FFB6 /* UIViewController+Extension.swift in Sources */,
				4AB5C27C2907A9CE0064C41E /* Place.swift in Sources */,
				4ADC12E12901813900C0FFB6 /* NSObject+Extension.swift in Sources */,
				A76096422908ACA900636A99 /* ProfileCollectionViewCell.swift in Sources */,
				4A31CD242903D73D00E5E422 /* FirstCreateGroupViewController.swift in Sources */,
				4AF67E95291206C000D4A2C4 /* ChatRoomTableViewCell.swift in Sources */,
				A2F369D929090E72007F3732 /* UIButton+Extension.swift in Sources */,
				A7C8DF282901274500F38AD7 /* ViewController.swift in Sources */,
				4A060C0A2913D77200D75699 /* TestViewController.swift in Sources */,
				4A060C062913AA4300D75699 /* InterestView.swift in Sources */,
				76B0282629051FC9002C9DF7 /* VFUser.swift in Sources */,
				76B0283D29052937002C9DF7 /* Participant.swift in Sources */,
				4ADC12ED2901838200C0FFB6 /* ImageLiteral.swift in Sources */,
				A26198762909539B00ECCC4F /* ClubListCollectionViewCell.swift in Sources */,
				A2F369DD290948BB007F3732 /* GroupListViewController.swift in Sources */,
				765C9E8229230BB00090B14A /* ChatRoomViewController.swift in Sources */,
				4AFA58B52905280F00679142 /* NumberOfPeopleCollectionViewCell.swift in Sources */,
				A261987D290A350300ECCC4F /* BottomButton.swift in Sources */,
				4ADC12E52901817800C0FFB6 /* UILabel+Extension.swift in Sources */,
				4A31CD2A2903D89600E5E422 /* GroupCategoryCollectionViewCell.swift in Sources */,
				7645E7512907031D009E2E3B /* SignInViewModel.swift in Sources */,
				A71C5440291A797300FBD231 /* MapView.swift in Sources */,
				765C9E8029230BB00090B14A /* OtherChatContentCollectionViewCell.swift in Sources */,
				7645E74A290700E5009E2E3B /* SignInViewController.swift in Sources */,
				A760964B2909530600636A99 /* MainTabBarViewController.swift in Sources */,
				4ADC12EF290183F500C0FFB6 /* BaseViewController.swift in Sources */,
				4AFA58AF29050B5C00679142 /* String+Extension.swift in Sources */,
				4ADC12F12901856B00C0FFB6 /* UIView+Constraint.swift in Sources */,
				4A759EEE291D18EF00E7DF9B /* SecondCreateGroupViewController.swift in Sources */,
				4A060C01291398A600D75699 /* ProfileHalfModalViewController.swift in Sources */,
				A2F369D12908258B007F3732 /* GroupInfoView.swift in Sources */,
				A73AAAF32904E26D0050CA81 /* PostDetailViewController.swift in Sources */,
				4A31CD272903D86200E5E422 /* GroupCategoryView.swift in Sources */,
				A26198782909567100ECCC4F /* LabelWithImageStackView.swift in Sources */,
				A7414C4E2924EF2F00EE7623 /* UserTypeIntroductionViewController.swift in Sources */,
				4ADC12EB2901833F00C0FFB6 /* StringLiteral.swift in Sources */,
				4A705EF42921CA75002CE1B1 /* MockData.swift in Sources */,
				A215B29E2906FA3E00DD60B2 /* UITextField+Extension.swift in Sources */,
				4AC8F0632906BD18007D3946 /* LocationSearchingViewController.swift in Sources */,
				4ACF36D62910A87700B95115 /* UINavigationController+Back.swift in Sources */,
				A7C8DF242901274500F38AD7 /* AppDelegate.swift in Sources */,
				4AFA58AA2903EA6400679142 /* UIView+Extension.swift in Sources */,
				765C9E8729231A730090B14A /* ChatRoomViewModel.swift in Sources */,
				4A50D5A52908E03600D1ADE4 /* EmptyResultView.swift in Sources */,
				4ADC12E92901819800C0FFB6 /* UIScreen+Extension.swift in Sources */,
				A7C8DF262901274500F38AD7 /* SceneDelegate.swift in Sources */,
				A2007F4C2914BF5D0003DABB /* CategoryView.swift in Sources */,
				A215B29929069D9600DD60B2 /* SecondCreateGroupViewController.swift in Sources */,
				76B0283B290528F8002C9DF7 /* Chat.swift in Sources */,
				4AFA58B2290526C300679142 /* NumberOfGroupPeopleView.swift in Sources */,
				4AFF0F502919F7C300F7496C /* MyPageViewController.swift in Sources */,
				4AFF0F57291AA5CE00F7496C /* MyPageSettingElement.swift in Sources */,
				4AFF0F57291AA5CE00F7496C /* MyPageSettingElement.swift in Sources */,
				4AB5C27729078AE90064C41E /* Address.swift in Sources */,
				4ADC12E72901818900C0FFB6 /* UIStackView+Extention.swift in Sources */,
				76B02839290526AF002C9DF7 /* Club.swift in Sources */,
				4AFF0F59291AAF0900F7496C /* ProfileView.swift in Sources */,
				4AFF0F5B291AB2F600F7496C /* MyProfileEditViewController.swift in Sources */,
				7645E75729070FC6009E2E3B /* FirebaseManager.swift in Sources */,
				7628CC792913DEAE00CDA679 /* AuthManager.swift in Sources */,
				4A060C082913AA5E00D75699 /* InterestCollectionViewCell.swift in Sources */,
				A7164B3129123E7100FFB668 /* UserProfileViewController.swift in Sources */,
				4ADC12DD2901800D00C0FFB6 /* UIColor+Extension.swift in Sources */,
				765C9E8129230BB00090B14A /* MyChatContentCollectionViewCell.swift in Sources */,
				A764CCED291748FB005C9E0F /* UserGenderBirthViewController.swift in Sources */,
				4AFF0F552919F8E100F7496C /* MyPageProfileTableViewCell.swift in Sources */,
				A2007F49291444730003DABB /* SegmentedControlCustomView.swift in Sources */,
				A215B29C2906DB6400DD60B2 /* PhotoPickerView.swift in Sources */,
				4AFA58AD29050B3800679142 /* Date+Extension.swift in Sources */,
				4AFF0F532919F8C400F7496C /* MyPageTableViewCell.swift in Sources */,
				A215B29C2906DB6400DD60B2 /* PhotoPickerView.swift in Sources */,
				4AC8F0652906C5E0007D3946 /* SearchedAddressTableViewCell.swift in Sources */,
				4AF67E932912050B00D4A2C4 /* ChatRoomListViewController.swift in Sources */,
				A71C543D291A655200FBD231 /* LocationAuthViewController.swift in Sources */,
				4ADC12F32901857F00C0FFB6 /* UIViewController+Alert.swift in Sources */,
			);
			runOnlyForDeploymentPostprocessing = 0;
		};
/* End PBXSourcesBuildPhase section */

/* Begin PBXTargetDependency section */
		76B027F32901726E002C9DF7 /* PBXTargetDependency */ = {
			isa = PBXTargetDependency;
			target = A7C8DF1F2901274500F38AD7 /* Vegeting */;
			targetProxy = 76B027F22901726E002C9DF7 /* PBXContainerItemProxy */;
		};
/* End PBXTargetDependency section */

/* Begin PBXVariantGroup section */
		A7C8DF2E2901274600F38AD7 /* LaunchScreen.storyboard */ = {
			isa = PBXVariantGroup;
			children = (
				A7C8DF2F2901274600F38AD7 /* Base */,
			);
			name = LaunchScreen.storyboard;
			sourceTree = "<group>";
		};
/* End PBXVariantGroup section */

/* Begin XCBuildConfiguration section */
		76B027F42901726E002C9DF7 /* Debug */ = {
			isa = XCBuildConfiguration;
			buildSettings = {
				BUNDLE_LOADER = "$(TEST_HOST)";
				CODE_SIGN_STYLE = Automatic;
				CURRENT_PROJECT_VERSION = 1;
				DEVELOPMENT_TEAM = "";
				GENERATE_INFOPLIST_FILE = YES;
				IPHONEOS_DEPLOYMENT_TARGET = 15.0;
				MARKETING_VERSION = 1.0;
				PRODUCT_BUNDLE_IDENTIFIER = com.PigGarden.VegetingTests;
				PRODUCT_NAME = "$(TARGET_NAME)";
				SWIFT_EMIT_LOC_STRINGS = NO;
				SWIFT_VERSION = 5.0;
				TARGETED_DEVICE_FAMILY = "1,2";
				TEST_HOST = "$(BUILT_PRODUCTS_DIR)/Vegeting.app/Vegeting";
			};
			name = Debug;
		};
		76B027F52901726E002C9DF7 /* Release */ = {
			isa = XCBuildConfiguration;
			buildSettings = {
				BUNDLE_LOADER = "$(TEST_HOST)";
				CODE_SIGN_STYLE = Automatic;
				CURRENT_PROJECT_VERSION = 1;
				DEVELOPMENT_TEAM = "";
				GENERATE_INFOPLIST_FILE = YES;
				IPHONEOS_DEPLOYMENT_TARGET = 15.0;
				MARKETING_VERSION = 1.0;
				PRODUCT_BUNDLE_IDENTIFIER = com.PigGarden.VegetingTests;
				PRODUCT_NAME = "$(TARGET_NAME)";
				SWIFT_EMIT_LOC_STRINGS = NO;
				SWIFT_VERSION = 5.0;
				TARGETED_DEVICE_FAMILY = "1,2";
				TEST_HOST = "$(BUILT_PRODUCTS_DIR)/Vegeting.app/Vegeting";
			};
			name = Release;
		};
		A7C8DF322901274600F38AD7 /* Debug */ = {
			isa = XCBuildConfiguration;
			buildSettings = {
				ALWAYS_SEARCH_USER_PATHS = NO;
				CLANG_ANALYZER_NONNULL = YES;
				CLANG_ANALYZER_NUMBER_OBJECT_CONVERSION = YES_AGGRESSIVE;
				CLANG_CXX_LANGUAGE_STANDARD = "gnu++17";
				CLANG_ENABLE_MODULES = YES;
				CLANG_ENABLE_OBJC_ARC = YES;
				CLANG_ENABLE_OBJC_WEAK = YES;
				CLANG_WARN_BLOCK_CAPTURE_AUTORELEASING = YES;
				CLANG_WARN_BOOL_CONVERSION = YES;
				CLANG_WARN_COMMA = YES;
				CLANG_WARN_CONSTANT_CONVERSION = YES;
				CLANG_WARN_DEPRECATED_OBJC_IMPLEMENTATIONS = YES;
				CLANG_WARN_DIRECT_OBJC_ISA_USAGE = YES_ERROR;
				CLANG_WARN_DOCUMENTATION_COMMENTS = YES;
				CLANG_WARN_EMPTY_BODY = YES;
				CLANG_WARN_ENUM_CONVERSION = YES;
				CLANG_WARN_INFINITE_RECURSION = YES;
				CLANG_WARN_INT_CONVERSION = YES;
				CLANG_WARN_NON_LITERAL_NULL_CONVERSION = YES;
				CLANG_WARN_OBJC_IMPLICIT_RETAIN_SELF = YES;
				CLANG_WARN_OBJC_LITERAL_CONVERSION = YES;
				CLANG_WARN_OBJC_ROOT_CLASS = YES_ERROR;
				CLANG_WARN_QUOTED_INCLUDE_IN_FRAMEWORK_HEADER = YES;
				CLANG_WARN_RANGE_LOOP_ANALYSIS = YES;
				CLANG_WARN_STRICT_PROTOTYPES = YES;
				CLANG_WARN_SUSPICIOUS_MOVE = YES;
				CLANG_WARN_UNGUARDED_AVAILABILITY = YES_AGGRESSIVE;
				CLANG_WARN_UNREACHABLE_CODE = YES;
				CLANG_WARN__DUPLICATE_METHOD_MATCH = YES;
				COPY_PHASE_STRIP = NO;
				DEBUG_INFORMATION_FORMAT = dwarf;
				ENABLE_STRICT_OBJC_MSGSEND = YES;
				ENABLE_TESTABILITY = YES;
				GCC_C_LANGUAGE_STANDARD = gnu11;
				GCC_DYNAMIC_NO_PIC = NO;
				GCC_NO_COMMON_BLOCKS = YES;
				GCC_OPTIMIZATION_LEVEL = 0;
				GCC_PREPROCESSOR_DEFINITIONS = (
					"DEBUG=1",
					"$(inherited)",
				);
				GCC_WARN_64_TO_32_BIT_CONVERSION = YES;
				GCC_WARN_ABOUT_RETURN_TYPE = YES_ERROR;
				GCC_WARN_UNDECLARED_SELECTOR = YES;
				GCC_WARN_UNINITIALIZED_AUTOS = YES_AGGRESSIVE;
				GCC_WARN_UNUSED_FUNCTION = YES;
				GCC_WARN_UNUSED_VARIABLE = YES;
				IPHONEOS_DEPLOYMENT_TARGET = 15.0;
				MTL_ENABLE_DEBUG_INFO = INCLUDE_SOURCE;
				MTL_FAST_MATH = YES;
				ONLY_ACTIVE_ARCH = YES;
				SDKROOT = iphoneos;
				SWIFT_ACTIVE_COMPILATION_CONDITIONS = DEBUG;
				SWIFT_OPTIMIZATION_LEVEL = "-Onone";
			};
			name = Debug;
		};
		A7C8DF332901274600F38AD7 /* Release */ = {
			isa = XCBuildConfiguration;
			buildSettings = {
				ALWAYS_SEARCH_USER_PATHS = NO;
				CLANG_ANALYZER_NONNULL = YES;
				CLANG_ANALYZER_NUMBER_OBJECT_CONVERSION = YES_AGGRESSIVE;
				CLANG_CXX_LANGUAGE_STANDARD = "gnu++17";
				CLANG_ENABLE_MODULES = YES;
				CLANG_ENABLE_OBJC_ARC = YES;
				CLANG_ENABLE_OBJC_WEAK = YES;
				CLANG_WARN_BLOCK_CAPTURE_AUTORELEASING = YES;
				CLANG_WARN_BOOL_CONVERSION = YES;
				CLANG_WARN_COMMA = YES;
				CLANG_WARN_CONSTANT_CONVERSION = YES;
				CLANG_WARN_DEPRECATED_OBJC_IMPLEMENTATIONS = YES;
				CLANG_WARN_DIRECT_OBJC_ISA_USAGE = YES_ERROR;
				CLANG_WARN_DOCUMENTATION_COMMENTS = YES;
				CLANG_WARN_EMPTY_BODY = YES;
				CLANG_WARN_ENUM_CONVERSION = YES;
				CLANG_WARN_INFINITE_RECURSION = YES;
				CLANG_WARN_INT_CONVERSION = YES;
				CLANG_WARN_NON_LITERAL_NULL_CONVERSION = YES;
				CLANG_WARN_OBJC_IMPLICIT_RETAIN_SELF = YES;
				CLANG_WARN_OBJC_LITERAL_CONVERSION = YES;
				CLANG_WARN_OBJC_ROOT_CLASS = YES_ERROR;
				CLANG_WARN_QUOTED_INCLUDE_IN_FRAMEWORK_HEADER = YES;
				CLANG_WARN_RANGE_LOOP_ANALYSIS = YES;
				CLANG_WARN_STRICT_PROTOTYPES = YES;
				CLANG_WARN_SUSPICIOUS_MOVE = YES;
				CLANG_WARN_UNGUARDED_AVAILABILITY = YES_AGGRESSIVE;
				CLANG_WARN_UNREACHABLE_CODE = YES;
				CLANG_WARN__DUPLICATE_METHOD_MATCH = YES;
				COPY_PHASE_STRIP = NO;
				DEBUG_INFORMATION_FORMAT = "dwarf-with-dsym";
				ENABLE_NS_ASSERTIONS = NO;
				ENABLE_STRICT_OBJC_MSGSEND = YES;
				GCC_C_LANGUAGE_STANDARD = gnu11;
				GCC_NO_COMMON_BLOCKS = YES;
				GCC_WARN_64_TO_32_BIT_CONVERSION = YES;
				GCC_WARN_ABOUT_RETURN_TYPE = YES_ERROR;
				GCC_WARN_UNDECLARED_SELECTOR = YES;
				GCC_WARN_UNINITIALIZED_AUTOS = YES_AGGRESSIVE;
				GCC_WARN_UNUSED_FUNCTION = YES;
				GCC_WARN_UNUSED_VARIABLE = YES;
				IPHONEOS_DEPLOYMENT_TARGET = 15.0;
				MTL_ENABLE_DEBUG_INFO = NO;
				MTL_FAST_MATH = YES;
				SDKROOT = iphoneos;
				SWIFT_COMPILATION_MODE = wholemodule;
				SWIFT_OPTIMIZATION_LEVEL = "-O";
				VALIDATE_PRODUCT = YES;
			};
			name = Release;
		};
		A7C8DF352901274600F38AD7 /* Debug */ = {
			isa = XCBuildConfiguration;
			baseConfigurationReference = 4A50D5A929094D8900D1ADE4 /* Secret.xcconfig */;
			buildSettings = {
				ASSETCATALOG_COMPILER_APPICON_NAME = AppIcon;
				ASSETCATALOG_COMPILER_GLOBAL_ACCENT_COLOR_NAME = AccentColor;
				CODE_SIGN_ENTITLEMENTS = Vegeting/Vegeting.entitlements;
				CODE_SIGN_IDENTITY = "Apple Development";
				CODE_SIGN_STYLE = Automatic;
				CURRENT_PROJECT_VERSION = 1;
				DEVELOPMENT_TEAM = S45U2Z8NHP;
				GENERATE_INFOPLIST_FILE = YES;
				INFOPLIST_FILE = Vegeting/Global/Supports/Info.plist;
				INFOPLIST_KEY_NSLocationAlwaysAndWhenInUseUsageDescription = "";
				INFOPLIST_KEY_NSLocationWhenInUseUsageDescription = "";
				INFOPLIST_KEY_UIApplicationSupportsIndirectInputEvents = YES;
				INFOPLIST_KEY_UILaunchStoryboardName = LaunchScreen.storyboard;
				INFOPLIST_KEY_UIMainStoryboardFile = "";
				INFOPLIST_KEY_UIStatusBarStyle = "";
				INFOPLIST_KEY_UISupportedInterfaceOrientations = UIInterfaceOrientationPortrait;
				INFOPLIST_KEY_UISupportedInterfaceOrientations_iPad = "UIInterfaceOrientationLandscapeLeft UIInterfaceOrientationLandscapeRight UIInterfaceOrientationPortrait UIInterfaceOrientationPortraitUpsideDown";
				IPHONEOS_DEPLOYMENT_TARGET = 15.0;
				LD_RUNPATH_SEARCH_PATHS = (
					"$(inherited)",
					"@executable_path/Frameworks",
				);
				MARKETING_VERSION = 1.0;
				PRODUCT_BUNDLE_IDENTIFIER = com.PigGarden.VegetarianFriends;
				PRODUCT_NAME = "$(TARGET_NAME)";
				PROVISIONING_PROFILE_SPECIFIER = "";
				SUPPORTED_PLATFORMS = "iphoneos iphonesimulator";
				SUPPORTS_MACCATALYST = NO;
				SUPPORTS_MAC_DESIGNED_FOR_IPHONE_IPAD = NO;
				SWIFT_EMIT_LOC_STRINGS = YES;
				SWIFT_VERSION = 5.0;
				TARGETED_DEVICE_FAMILY = 1;
			};
			name = Debug;
		};
		A7C8DF362901274600F38AD7 /* Release */ = {
			isa = XCBuildConfiguration;
			baseConfigurationReference = 4A50D5A929094D8900D1ADE4 /* Secret.xcconfig */;
			buildSettings = {
				ASSETCATALOG_COMPILER_APPICON_NAME = AppIcon;
				ASSETCATALOG_COMPILER_GLOBAL_ACCENT_COLOR_NAME = AccentColor;
				CODE_SIGN_ENTITLEMENTS = Vegeting/Vegeting.entitlements;
				CODE_SIGN_IDENTITY = "Apple Development";
				CODE_SIGN_STYLE = Automatic;
				CURRENT_PROJECT_VERSION = 1;
				DEVELOPMENT_TEAM = S45U2Z8NHP;
				GENERATE_INFOPLIST_FILE = YES;
				INFOPLIST_FILE = Vegeting/Global/Supports/Info.plist;
				INFOPLIST_KEY_NSLocationAlwaysAndWhenInUseUsageDescription = "";
				INFOPLIST_KEY_NSLocationWhenInUseUsageDescription = "";
				INFOPLIST_KEY_UIApplicationSupportsIndirectInputEvents = YES;
				INFOPLIST_KEY_UILaunchStoryboardName = LaunchScreen.storyboard;
				INFOPLIST_KEY_UIMainStoryboardFile = "";
				INFOPLIST_KEY_UIStatusBarStyle = "";
				INFOPLIST_KEY_UISupportedInterfaceOrientations = UIInterfaceOrientationPortrait;
				INFOPLIST_KEY_UISupportedInterfaceOrientations_iPad = "UIInterfaceOrientationLandscapeLeft UIInterfaceOrientationLandscapeRight UIInterfaceOrientationPortrait UIInterfaceOrientationPortraitUpsideDown";
				IPHONEOS_DEPLOYMENT_TARGET = 15.0;
				LD_RUNPATH_SEARCH_PATHS = (
					"$(inherited)",
					"@executable_path/Frameworks",
				);
				MARKETING_VERSION = 1.0;
				PRODUCT_BUNDLE_IDENTIFIER = com.PigGarden.VegetarianFriends;
				PRODUCT_NAME = "$(TARGET_NAME)";
				PROVISIONING_PROFILE_SPECIFIER = "";
				SUPPORTED_PLATFORMS = "iphoneos iphonesimulator";
				SUPPORTS_MACCATALYST = NO;
				SUPPORTS_MAC_DESIGNED_FOR_IPHONE_IPAD = NO;
				SWIFT_EMIT_LOC_STRINGS = YES;
				SWIFT_VERSION = 5.0;
				TARGETED_DEVICE_FAMILY = 1;
			};
			name = Release;
		};
/* End XCBuildConfiguration section */

/* Begin XCConfigurationList section */
		76B027F62901726E002C9DF7 /* Build configuration list for PBXNativeTarget "VegetingTests" */ = {
			isa = XCConfigurationList;
			buildConfigurations = (
				76B027F42901726E002C9DF7 /* Debug */,
				76B027F52901726E002C9DF7 /* Release */,
			);
			defaultConfigurationIsVisible = 0;
			defaultConfigurationName = Release;
		};
		A7C8DF1B2901274500F38AD7 /* Build configuration list for PBXProject "Vegeting" */ = {
			isa = XCConfigurationList;
			buildConfigurations = (
				A7C8DF322901274600F38AD7 /* Debug */,
				A7C8DF332901274600F38AD7 /* Release */,
			);
			defaultConfigurationIsVisible = 0;
			defaultConfigurationName = Release;
		};
		A7C8DF342901274600F38AD7 /* Build configuration list for PBXNativeTarget "Vegeting" */ = {
			isa = XCConfigurationList;
			buildConfigurations = (
				A7C8DF352901274600F38AD7 /* Debug */,
				A7C8DF362901274600F38AD7 /* Release */,
			);
			defaultConfigurationIsVisible = 0;
			defaultConfigurationName = Release;
		};
/* End XCConfigurationList section */

/* Begin XCRemoteSwiftPackageReference section */
		4AB5C27229078A910064C41E /* XCRemoteSwiftPackageReference "Alamofire" */ = {
			isa = XCRemoteSwiftPackageReference;
			repositoryURL = "https://github.com/Alamofire/Alamofire.git";
			requirement = {
				kind = upToNextMajorVersion;
				minimumVersion = 5.0.0;
			};
		};
		4AB5C27829078DB20064C41E /* XCRemoteSwiftPackageReference "SwiftyJSON" */ = {
			isa = XCRemoteSwiftPackageReference;
			repositoryURL = "https://github.com/SwiftyJSON/SwiftyJSON.git";
			requirement = {
				kind = upToNextMajorVersion;
				minimumVersion = 5.0.0;
			};
		};
		76B0282B29052209002C9DF7 /* XCRemoteSwiftPackageReference "firebase-ios-sdk" */ = {
			isa = XCRemoteSwiftPackageReference;
			repositoryURL = "https://github.com/firebase/firebase-ios-sdk";
			requirement = {
				kind = upToNextMajorVersion;
				minimumVersion = 9.0.0;
			};
		};
		76FF7CF42917BDF70020BB2C /* XCRemoteSwiftPackageReference "kakao-ios-sdk" */ = {
			isa = XCRemoteSwiftPackageReference;
			repositoryURL = "https://github.com/kakao/kakao-ios-sdk";
			requirement = {
				branch = master;
				kind = branch;
			};
		};
/* End XCRemoteSwiftPackageReference section */

/* Begin XCSwiftPackageProductDependency section */
		4AB5C27329078A910064C41E /* Alamofire */ = {
			isa = XCSwiftPackageProductDependency;
			package = 4AB5C27229078A910064C41E /* XCRemoteSwiftPackageReference "Alamofire" */;
			productName = Alamofire;
		};
		4AB5C27929078DB20064C41E /* SwiftyJSON */ = {
			isa = XCSwiftPackageProductDependency;
			package = 4AB5C27829078DB20064C41E /* XCRemoteSwiftPackageReference "SwiftyJSON" */;
			productName = SwiftyJSON;
		};
		76B0282C29052209002C9DF7 /* FirebaseAuth */ = {
			isa = XCSwiftPackageProductDependency;
			package = 76B0282B29052209002C9DF7 /* XCRemoteSwiftPackageReference "firebase-ios-sdk" */;
			productName = FirebaseAuth;
		};
		76B0282E29052209002C9DF7 /* FirebaseAuthCombine-Community */ = {
			isa = XCSwiftPackageProductDependency;
			package = 76B0282B29052209002C9DF7 /* XCRemoteSwiftPackageReference "firebase-ios-sdk" */;
			productName = "FirebaseAuthCombine-Community";
		};
		76B0283029052209002C9DF7 /* FirebaseFirestore */ = {
			isa = XCSwiftPackageProductDependency;
			package = 76B0282B29052209002C9DF7 /* XCRemoteSwiftPackageReference "firebase-ios-sdk" */;
			productName = FirebaseFirestore;
		};
		76B0283229052209002C9DF7 /* FirebaseFirestoreCombine-Community */ = {
			isa = XCSwiftPackageProductDependency;
			package = 76B0282B29052209002C9DF7 /* XCRemoteSwiftPackageReference "firebase-ios-sdk" */;
			productName = "FirebaseFirestoreCombine-Community";
		};
		76B0283429052209002C9DF7 /* FirebaseFirestoreSwift */ = {
			isa = XCSwiftPackageProductDependency;
			package = 76B0282B29052209002C9DF7 /* XCRemoteSwiftPackageReference "firebase-ios-sdk" */;
			productName = FirebaseFirestoreSwift;
		};
		76FF7CF52917BDF70020BB2C /* KakaoSDKAuth */ = {
			isa = XCSwiftPackageProductDependency;
			package = 76FF7CF42917BDF70020BB2C /* XCRemoteSwiftPackageReference "kakao-ios-sdk" */;
			productName = KakaoSDKAuth;
		};
		76FF7CF72917BDF70020BB2C /* KakaoSDKCommon */ = {
			isa = XCSwiftPackageProductDependency;
			package = 76FF7CF42917BDF70020BB2C /* XCRemoteSwiftPackageReference "kakao-ios-sdk" */;
			productName = KakaoSDKCommon;
		};
		76FF7CF92917BDF70020BB2C /* KakaoSDKUser */ = {
			isa = XCSwiftPackageProductDependency;
			package = 76FF7CF42917BDF70020BB2C /* XCRemoteSwiftPackageReference "kakao-ios-sdk" */;
			productName = KakaoSDKUser;
		};
/* End XCSwiftPackageProductDependency section */
	};
	rootObject = A7C8DF182901274500F38AD7 /* Project object */;
}
